// !$*UTF8*$!
{
	archiveVersion = 1;
	classes = {
	};
	objectVersion = 46;
	objects = {

/* Begin PBXBuildFile section */
		23A1B32F1C44090D00AF13AA /* AppDelegate.swift in Sources */ = {isa = PBXBuildFile; fileRef = 23A1B32E1C44090D00AF13AA /* AppDelegate.swift */; };
		23A1B3341C44090D00AF13AA /* Main.storyboard in Resources */ = {isa = PBXBuildFile; fileRef = 23A1B3321C44090D00AF13AA /* Main.storyboard */; };
		23A1B3361C44090D00AF13AA /* Assets.xcassets in Resources */ = {isa = PBXBuildFile; fileRef = 23A1B3351C44090D00AF13AA /* Assets.xcassets */; };
		23A1B3391C44090D00AF13AA /* LaunchScreen.storyboard in Resources */ = {isa = PBXBuildFile; fileRef = 23A1B3371C44090D00AF13AA /* LaunchScreen.storyboard */; };
		23A1B3411C44098800AF13AA /* CNTCountPresenter.swift in Sources */ = {isa = PBXBuildFile; fileRef = 23A1B3401C44098800AF13AA /* CNTCountPresenter.swift */; };
		23A1B3431C440A3400AF13AA /* CNTCountInteractorIO.swift in Sources */ = {isa = PBXBuildFile; fileRef = 23A1B3421C440A3400AF13AA /* CNTCountInteractorIO.swift */; };
		23A1B3451C440B0800AF13AA /* CNTCountInteractor.swift in Sources */ = {isa = PBXBuildFile; fileRef = 23A1B3441C440B0800AF13AA /* CNTCountInteractor.swift */; };
		23A1B3471C440D7000AF13AA /* CNTCountViewController.swift in Sources */ = {isa = PBXBuildFile; fileRef = 23A1B3461C440D7000AF13AA /* CNTCountViewController.swift */; };
		23A1B3491C44109000AF13AA /* CNTCountView.swift in Sources */ = {isa = PBXBuildFile; fileRef = 23A1B3481C44109000AF13AA /* CNTCountView.swift */; };
		23C111D61C465F20004B9DF2 /* CNTCountResultPresenter.swift in Sources */ = {isa = PBXBuildFile; fileRef = 23C111D51C465F20004B9DF2 /* CNTCountResultPresenter.swift */; };
		23C111D81C466054004B9DF2 /* CNTCountResultViewController.swift in Sources */ = {isa = PBXBuildFile; fileRef = 23C111D71C466054004B9DF2 /* CNTCountResultViewController.swift */; };
		23C111DA1C466081004B9DF2 /* CNTCountResultViewProtocol.swift in Sources */ = {isa = PBXBuildFile; fileRef = 23C111D91C466081004B9DF2 /* CNTCountResultViewProtocol.swift */; };
		23C111DC1C4660A5004B9DF2 /* CNTCountResultInteractor.swift in Sources */ = {isa = PBXBuildFile; fileRef = 23C111DB1C4660A5004B9DF2 /* CNTCountResultInteractor.swift */; };
		23C111DE1C4668BC004B9DF2 /* CNTCountResultInteractorIO.swift in Sources */ = {isa = PBXBuildFile; fileRef = 23C111DD1C4668BC004B9DF2 /* CNTCountResultInteractorIO.swift */; };
		23C111E01C467909004B9DF2 /* AppDependancies.swift in Sources */ = {isa = PBXBuildFile; fileRef = 23C111DF1C467909004B9DF2 /* AppDependancies.swift */; };
		23C111E21C4679FC004B9DF2 /* CNTCountWireframe.swift in Sources */ = {isa = PBXBuildFile; fileRef = 23C111E11C4679FC004B9DF2 /* CNTCountWireframe.swift */; };
		23C111E51C467D07004B9DF2 /* CNTRootWireframe.swift in Sources */ = {isa = PBXBuildFile; fileRef = 23C111E41C467D07004B9DF2 /* CNTRootWireframe.swift */; };
		23C111E71C47D451004B9DF2 /* CNTCountResultWireframe.swift in Sources */ = {isa = PBXBuildFile; fileRef = 23C111E61C47D451004B9DF2 /* CNTCountResultWireframe.swift */; };
		23C111EB1C47EB5D004B9DF2 /* CNTSuperWireframe.swift in Sources */ = {isa = PBXBuildFile; fileRef = 23C111EA1C47EB5D004B9DF2 /* CNTSuperWireframe.swift */; };
/* End PBXBuildFile section */

/* Begin PBXFileReference section */
		23A1B32B1C44090D00AF13AA /* Viper Counter Swift.app */ = {isa = PBXFileReference; explicitFileType = wrapper.application; includeInIndex = 0; path = "Viper Counter Swift.app"; sourceTree = BUILT_PRODUCTS_DIR; };
		23A1B32E1C44090D00AF13AA /* AppDelegate.swift */ = {isa = PBXFileReference; lastKnownFileType = sourcecode.swift; path = AppDelegate.swift; sourceTree = "<group>"; };
		23A1B3331C44090D00AF13AA /* Base */ = {isa = PBXFileReference; lastKnownFileType = file.storyboard; name = Base; path = Base.lproj/Main.storyboard; sourceTree = "<group>"; };
		23A1B3351C44090D00AF13AA /* Assets.xcassets */ = {isa = PBXFileReference; lastKnownFileType = folder.assetcatalog; path = Assets.xcassets; sourceTree = "<group>"; };
		23A1B3381C44090D00AF13AA /* Base */ = {isa = PBXFileReference; lastKnownFileType = file.storyboard; name = Base; path = Base.lproj/LaunchScreen.storyboard; sourceTree = "<group>"; };
		23A1B33A1C44090D00AF13AA /* Info.plist */ = {isa = PBXFileReference; lastKnownFileType = text.plist.xml; path = Info.plist; sourceTree = "<group>"; };
		23A1B3401C44098800AF13AA /* CNTCountPresenter.swift */ = {isa = PBXFileReference; fileEncoding = 4; lastKnownFileType = sourcecode.swift; path = CNTCountPresenter.swift; sourceTree = "<group>"; };
		23A1B3421C440A3400AF13AA /* CNTCountInteractorIO.swift */ = {isa = PBXFileReference; fileEncoding = 4; lastKnownFileType = sourcecode.swift; path = CNTCountInteractorIO.swift; sourceTree = "<group>"; };
		23A1B3441C440B0800AF13AA /* CNTCountInteractor.swift */ = {isa = PBXFileReference; fileEncoding = 4; lastKnownFileType = sourcecode.swift; path = CNTCountInteractor.swift; sourceTree = "<group>"; };
		23A1B3461C440D7000AF13AA /* CNTCountViewController.swift */ = {isa = PBXFileReference; fileEncoding = 4; lastKnownFileType = sourcecode.swift; path = CNTCountViewController.swift; sourceTree = "<group>"; };
		23A1B3481C44109000AF13AA /* CNTCountView.swift */ = {isa = PBXFileReference; fileEncoding = 4; lastKnownFileType = sourcecode.swift; path = CNTCountView.swift; sourceTree = "<group>"; };
		23C111D51C465F20004B9DF2 /* CNTCountResultPresenter.swift */ = {isa = PBXFileReference; fileEncoding = 4; lastKnownFileType = sourcecode.swift; path = CNTCountResultPresenter.swift; sourceTree = "<group>"; };
		23C111D71C466054004B9DF2 /* CNTCountResultViewController.swift */ = {isa = PBXFileReference; fileEncoding = 4; lastKnownFileType = sourcecode.swift; path = CNTCountResultViewController.swift; sourceTree = "<group>"; };
		23C111D91C466081004B9DF2 /* CNTCountResultViewProtocol.swift */ = {isa = PBXFileReference; fileEncoding = 4; lastKnownFileType = sourcecode.swift; path = CNTCountResultViewProtocol.swift; sourceTree = "<group>"; };
		23C111DB1C4660A5004B9DF2 /* CNTCountResultInteractor.swift */ = {isa = PBXFileReference; fileEncoding = 4; lastKnownFileType = sourcecode.swift; path = CNTCountResultInteractor.swift; sourceTree = "<group>"; };
		23C111DD1C4668BC004B9DF2 /* CNTCountResultInteractorIO.swift */ = {isa = PBXFileReference; fileEncoding = 4; lastKnownFileType = sourcecode.swift; path = CNTCountResultInteractorIO.swift; sourceTree = "<group>"; };
		23C111DF1C467909004B9DF2 /* AppDependancies.swift */ = {isa = PBXFileReference; fileEncoding = 4; lastKnownFileType = sourcecode.swift; path = AppDependancies.swift; sourceTree = "<group>"; };
		23C111E11C4679FC004B9DF2 /* CNTCountWireframe.swift */ = {isa = PBXFileReference; fileEncoding = 4; lastKnownFileType = sourcecode.swift; path = CNTCountWireframe.swift; sourceTree = "<group>"; };
		23C111E41C467D07004B9DF2 /* CNTRootWireframe.swift */ = {isa = PBXFileReference; fileEncoding = 4; lastKnownFileType = sourcecode.swift; path = CNTRootWireframe.swift; sourceTree = "<group>"; };
		23C111E61C47D451004B9DF2 /* CNTCountResultWireframe.swift */ = {isa = PBXFileReference; fileEncoding = 4; lastKnownFileType = sourcecode.swift; path = CNTCountResultWireframe.swift; sourceTree = "<group>"; };
		23C111EA1C47EB5D004B9DF2 /* CNTSuperWireframe.swift */ = {isa = PBXFileReference; fileEncoding = 4; lastKnownFileType = sourcecode.swift; path = CNTSuperWireframe.swift; sourceTree = "<group>"; };
/* End PBXFileReference section */

/* Begin PBXFrameworksBuildPhase section */
		23A1B3281C44090D00AF13AA /* Frameworks */ = {
			isa = PBXFrameworksBuildPhase;
			buildActionMask = 2147483647;
			files = (
			);
			runOnlyForDeploymentPostprocessing = 0;
		};
/* End PBXFrameworksBuildPhase section */

/* Begin PBXGroup section */
		23A1B3221C44090D00AF13AA = {
			isa = PBXGroup;
			children = (
				23A1B32D1C44090D00AF13AA /* Viper Counter Swift */,
				23A1B32C1C44090D00AF13AA /* Products */,
			);
			sourceTree = "<group>";
		};
		23A1B32C1C44090D00AF13AA /* Products */ = {
			isa = PBXGroup;
			children = (
				23A1B32B1C44090D00AF13AA /* Viper Counter Swift.app */,
			);
			name = Products;
			sourceTree = "<group>";
		};
		23A1B32D1C44090D00AF13AA /* Viper Counter Swift */ = {
			isa = PBXGroup;
			children = (
				23A1B3581C453DD300AF13AA /* Supporting Files */,
				23A1B3571C453DBD00AF13AA /* Resources */,
				23A1B34A1C453CCD00AF13AA /* Classes */,
			);
			path = "Viper Counter Swift";
			sourceTree = "<group>";
		};
		23A1B34A1C453CCD00AF13AA /* Classes */ = {
			isa = PBXGroup;
			children = (
				23A1B34C1C453CFF00AF13AA /* Common */,
				23A1B34B1C453CF700AF13AA /* Modules */,
				23A1B32E1C44090D00AF13AA /* AppDelegate.swift */,
				23C111DF1C467909004B9DF2 /* AppDependancies.swift */,
			);
			name = Classes;
			sourceTree = "<group>";
		};
		23A1B34B1C453CF700AF13AA /* Modules */ = {
			isa = PBXGroup;
			children = (
				23C111CB1C465E2C004B9DF2 /* Count Result */,
				23A1B34D1C453D1C00AF13AA /* Counter */,
			);
			name = Modules;
			sourceTree = "<group>";
		};
		23A1B34C1C453CFF00AF13AA /* Common */ = {
			isa = PBXGroup;
			children = (
				23C111E91C47EB34004B9DF2 /* Wireframe */,
				23C111E31C467CED004B9DF2 /* View */,
			);
			name = Common;
			sourceTree = "<group>";
		};
		23A1B34D1C453D1C00AF13AA /* Counter */ = {
			isa = PBXGroup;
			children = (
				23A1B34E1C453D2800AF13AA /* Application Logic */,
				23A1B34F1C453D3100AF13AA /* Module Interface */,
				23A1B3501C453D3A00AF13AA /* User Interface */,
			);
			name = Counter;
			sourceTree = "<group>";
		};
		23A1B34E1C453D2800AF13AA /* Application Logic */ = {
			isa = PBXGroup;
			children = (
				23A1B3521C453D7300AF13AA /* Manager */,
				23A1B3511C453D6400AF13AA /* Interactor */,
				23A1B3531C453D7B00AF13AA /* Model */,
			);
			name = "Application Logic";
			sourceTree = "<group>";
		};
		23A1B34F1C453D3100AF13AA /* Module Interface */ = {
			isa = PBXGroup;
			children = (
			);
			name = "Module Interface";
			sourceTree = "<group>";
		};
		23A1B3501C453D3A00AF13AA /* User Interface */ = {
			isa = PBXGroup;
			children = (
				23A1B3561C453DA000AF13AA /* Presenter */,
				23A1B3551C453D9A00AF13AA /* View */,
				23A1B3541C453D9200AF13AA /* Wireframe */,
			);
			name = "User Interface";
			sourceTree = "<group>";
		};
		23A1B3511C453D6400AF13AA /* Interactor */ = {
			isa = PBXGroup;
			children = (
				23A1B3421C440A3400AF13AA /* CNTCountInteractorIO.swift */,
				23A1B3441C440B0800AF13AA /* CNTCountInteractor.swift */,
			);
			name = Interactor;
			sourceTree = "<group>";
		};
		23A1B3521C453D7300AF13AA /* Manager */ = {
			isa = PBXGroup;
			children = (
			);
			name = Manager;
			sourceTree = "<group>";
		};
		23A1B3531C453D7B00AF13AA /* Model */ = {
			isa = PBXGroup;
			children = (
			);
			name = Model;
			sourceTree = "<group>";
		};
		23A1B3541C453D9200AF13AA /* Wireframe */ = {
			isa = PBXGroup;
			children = (
				23C111E11C4679FC004B9DF2 /* CNTCountWireframe.swift */,
			);
			name = Wireframe;
			sourceTree = "<group>";
		};
		23A1B3551C453D9A00AF13AA /* View */ = {
			isa = PBXGroup;
			children = (
				23A1B3461C440D7000AF13AA /* CNTCountViewController.swift */,
				23A1B3481C44109000AF13AA /* CNTCountView.swift */,
			);
			name = View;
			sourceTree = "<group>";
		};
		23A1B3561C453DA000AF13AA /* Presenter */ = {
			isa = PBXGroup;
			children = (
				23A1B3401C44098800AF13AA /* CNTCountPresenter.swift */,
			);
			name = Presenter;
			sourceTree = "<group>";
		};
		23A1B3571C453DBD00AF13AA /* Resources */ = {
			isa = PBXGroup;
			children = (
				23A1B3321C44090D00AF13AA /* Main.storyboard */,
				23A1B3351C44090D00AF13AA /* Assets.xcassets */,
				23A1B3371C44090D00AF13AA /* LaunchScreen.storyboard */,
			);
			name = Resources;
			sourceTree = "<group>";
		};
		23A1B3581C453DD300AF13AA /* Supporting Files */ = {
			isa = PBXGroup;
			children = (
				23A1B33A1C44090D00AF13AA /* Info.plist */,
			);
			name = "Supporting Files";
			sourceTree = "<group>";
		};
		23C111CB1C465E2C004B9DF2 /* Count Result */ = {
			isa = PBXGroup;
			children = (
				23C111CC1C465E37004B9DF2 /* Application Logic */,
				23C111CD1C465E41004B9DF2 /* Module Interface */,
				23C111CE1C465E4C004B9DF2 /* User Interface */,
			);
			name = "Count Result";
			sourceTree = "<group>";
		};
		23C111CC1C465E37004B9DF2 /* Application Logic */ = {
			isa = PBXGroup;
			children = (
				23C111CF1C465E67004B9DF2 /* Manager */,
				23C111D11C465E77004B9DF2 /* Interactor */,
				23C111D01C465E6E004B9DF2 /* Model */,
			);
			name = "Application Logic";
			sourceTree = "<group>";
		};
		23C111CD1C465E41004B9DF2 /* Module Interface */ = {
			isa = PBXGroup;
			children = (
			);
			name = "Module Interface";
			sourceTree = "<group>";
		};
		23C111CE1C465E4C004B9DF2 /* User Interface */ = {
			isa = PBXGroup;
			children = (
				23C111D41C465EDF004B9DF2 /* Presenter */,
				23C111D31C465ED7004B9DF2 /* View */,
				23C111D21C465ECB004B9DF2 /* Wireframe */,
			);
			name = "User Interface";
			sourceTree = "<group>";
		};
		23C111CF1C465E67004B9DF2 /* Manager */ = {
			isa = PBXGroup;
			children = (
			);
			name = Manager;
			sourceTree = "<group>";
		};
		23C111D01C465E6E004B9DF2 /* Model */ = {
			isa = PBXGroup;
			children = (
			);
			name = Model;
			sourceTree = "<group>";
		};
		23C111D11C465E77004B9DF2 /* Interactor */ = {
			isa = PBXGroup;
			children = (
				23C111DB1C4660A5004B9DF2 /* CNTCountResultInteractor.swift */,
				23C111DD1C4668BC004B9DF2 /* CNTCountResultInteractorIO.swift */,
			);
			name = Interactor;
			sourceTree = "<group>";
		};
		23C111D21C465ECB004B9DF2 /* Wireframe */ = {
			isa = PBXGroup;
			children = (
				23C111E61C47D451004B9DF2 /* CNTCountResultWireframe.swift */,
			);
			name = Wireframe;
			sourceTree = "<group>";
		};
		23C111D31C465ED7004B9DF2 /* View */ = {
			isa = PBXGroup;
			children = (
				23C111D71C466054004B9DF2 /* CNTCountResultViewController.swift */,
				23C111D91C466081004B9DF2 /* CNTCountResultViewProtocol.swift */,
			);
			name = View;
			sourceTree = "<group>";
		};
		23C111D41C465EDF004B9DF2 /* Presenter */ = {
			isa = PBXGroup;
			children = (
				23C111D51C465F20004B9DF2 /* CNTCountResultPresenter.swift */,
			);
			name = Presenter;
			sourceTree = "<group>";
		};
		23C111E31C467CED004B9DF2 /* View */ = {
			isa = PBXGroup;
			children = (
				23C111E41C467D07004B9DF2 /* CNTRootWireframe.swift */,
			);
			name = View;
			sourceTree = "<group>";
		};
		23C111E91C47EB34004B9DF2 /* Wireframe */ = {
			isa = PBXGroup;
			children = (
				23C111EA1C47EB5D004B9DF2 /* CNTSuperWireframe.swift */,
			);
			name = Wireframe;
			sourceTree = "<group>";
		};
/* End PBXGroup section */

/* Begin PBXNativeTarget section */
		23A1B32A1C44090D00AF13AA /* Viper Counter Swift */ = {
			isa = PBXNativeTarget;
			buildConfigurationList = 23A1B33D1C44090D00AF13AA /* Build configuration list for PBXNativeTarget "Viper Counter Swift" */;
			buildPhases = (
				23A1B3271C44090D00AF13AA /* Sources */,
				23A1B3281C44090D00AF13AA /* Frameworks */,
				23A1B3291C44090D00AF13AA /* Resources */,
			);
			buildRules = (
			);
			dependencies = (
			);
			name = "Viper Counter Swift";
			productName = "Viper Counter Swift";
			productReference = 23A1B32B1C44090D00AF13AA /* Viper Counter Swift.app */;
			productType = "com.apple.product-type.application";
		};
/* End PBXNativeTarget section */

/* Begin PBXProject section */
		23A1B3231C44090D00AF13AA /* Project object */ = {
			isa = PBXProject;
			attributes = {
				LastSwiftUpdateCheck = 0720;
				LastUpgradeCheck = 0720;
				ORGANIZATIONNAME = bellovic;
				TargetAttributes = {
					23A1B32A1C44090D00AF13AA = {
						CreatedOnToolsVersion = 7.2;
					};
				};
			};
			buildConfigurationList = 23A1B3261C44090D00AF13AA /* Build configuration list for PBXProject "Viper Counter Swift" */;
			compatibilityVersion = "Xcode 3.2";
			developmentRegion = English;
			hasScannedForEncodings = 0;
			knownRegions = (
				en,
				Base,
			);
			mainGroup = 23A1B3221C44090D00AF13AA;
			productRefGroup = 23A1B32C1C44090D00AF13AA /* Products */;
			projectDirPath = "";
			projectRoot = "";
			targets = (
				23A1B32A1C44090D00AF13AA /* Viper Counter Swift */,
			);
		};
/* End PBXProject section */

/* Begin PBXResourcesBuildPhase section */
		23A1B3291C44090D00AF13AA /* Resources */ = {
			isa = PBXResourcesBuildPhase;
			buildActionMask = 2147483647;
			files = (
				23A1B3391C44090D00AF13AA /* LaunchScreen.storyboard in Resources */,
				23A1B3361C44090D00AF13AA /* Assets.xcassets in Resources */,
				23A1B3341C44090D00AF13AA /* Main.storyboard in Resources */,
			);
			runOnlyForDeploymentPostprocessing = 0;
		};
/* End PBXResourcesBuildPhase section */

/* Begin PBXSourcesBuildPhase section */
		23A1B3271C44090D00AF13AA /* Sources */ = {
			isa = PBXSourcesBuildPhase;
			buildActionMask = 2147483647;
			files = (
				23A1B3471C440D7000AF13AA /* CNTCountViewController.swift in Sources */,
				23A1B3451C440B0800AF13AA /* CNTCountInteractor.swift in Sources */,
				23C111DA1C466081004B9DF2 /* CNTCountResultViewProtocol.swift in Sources */,
				23C111DC1C4660A5004B9DF2 /* CNTCountResultInteractor.swift in Sources */,
				23C111E01C467909004B9DF2 /* AppDependancies.swift in Sources */,
				23C111E21C4679FC004B9DF2 /* CNTCountWireframe.swift in Sources */,
				23A1B3491C44109000AF13AA /* CNTCountView.swift in Sources */,
				23C111DE1C4668BC004B9DF2 /* CNTCountResultInteractorIO.swift in Sources */,
				23C111EB1C47EB5D004B9DF2 /* CNTSuperWireframe.swift in Sources */,
				23C111E51C467D07004B9DF2 /* CNTRootWireframe.swift in Sources */,
				23A1B3411C44098800AF13AA /* CNTCountPresenter.swift in Sources */,
				23A1B3431C440A3400AF13AA /* CNTCountInteractorIO.swift in Sources */,
				23C111D81C466054004B9DF2 /* CNTCountResultViewController.swift in Sources */,
				23C111E71C47D451004B9DF2 /* CNTCountResultWireframe.swift in Sources */,
				23A1B32F1C44090D00AF13AA /* AppDelegate.swift in Sources */,
				23C111D61C465F20004B9DF2 /* CNTCountResultPresenter.swift in Sources */,
			);
			runOnlyForDeploymentPostprocessing = 0;
		};
/* End PBXSourcesBuildPhase section */

/* Begin PBXVariantGroup section */
		23A1B3321C44090D00AF13AA /* Main.storyboard */ = {
			isa = PBXVariantGroup;
			children = (
				23A1B3331C44090D00AF13AA /* Base */,
			);
			name = Main.storyboard;
			sourceTree = "<group>";
		};
		23A1B3371C44090D00AF13AA /* LaunchScreen.storyboard */ = {
			isa = PBXVariantGroup;
			children = (
				23A1B3381C44090D00AF13AA /* Base */,
			);
			name = LaunchScreen.storyboard;
			sourceTree = "<group>";
		};
/* End PBXVariantGroup section */

/* Begin XCBuildConfiguration section */
		23A1B33B1C44090D00AF13AA /* Debug */ = {
			isa = XCBuildConfiguration;
			buildSettings = {
				ALWAYS_SEARCH_USER_PATHS = NO;
				CLANG_CXX_LANGUAGE_STANDARD = "gnu++0x";
				CLANG_CXX_LIBRARY = "libc++";
				CLANG_ENABLE_MODULES = YES;
				CLANG_ENABLE_OBJC_ARC = YES;
				CLANG_WARN_BOOL_CONVERSION = YES;
				CLANG_WARN_CONSTANT_CONVERSION = YES;
				CLANG_WARN_DIRECT_OBJC_ISA_USAGE = YES_ERROR;
				CLANG_WARN_EMPTY_BODY = YES;
				CLANG_WARN_ENUM_CONVERSION = YES;
				CLANG_WARN_INT_CONVERSION = YES;
				CLANG_WARN_OBJC_ROOT_CLASS = YES_ERROR;
				CLANG_WARN_UNREACHABLE_CODE = YES;
				CLANG_WARN__DUPLICATE_METHOD_MATCH = YES;
				"CODE_SIGN_IDENTITY[sdk=iphoneos*]" = "iPhone Developer";
				COPY_PHASE_STRIP = NO;
				DEBUG_INFORMATION_FORMAT = dwarf;
				ENABLE_STRICT_OBJC_MSGSEND = YES;
				ENABLE_TESTABILITY = YES;
				GCC_C_LANGUAGE_STANDARD = gnu99;
				GCC_DYNAMIC_NO_PIC = NO;
				GCC_NO_COMMON_BLOCKS = YES;
				GCC_OPTIMIZATION_LEVEL = 0;
				GCC_PREPROCESSOR_DEFINITIONS = (
					"DEBUG=1",
					"$(inherited)",
				);
				GCC_WARN_64_TO_32_BIT_CONVERSION = YES;
				GCC_WARN_ABOUT_RETURN_TYPE = YES_ERROR;
				GCC_WARN_UNDECLARED_SELECTOR = YES;
				GCC_WARN_UNINITIALIZED_AUTOS = YES_AGGRESSIVE;
				GCC_WARN_UNUSED_FUNCTION = YES;
				GCC_WARN_UNUSED_VARIABLE = YES;
				IPHONEOS_DEPLOYMENT_TARGET = 9.2;
				MTL_ENABLE_DEBUG_INFO = YES;
				ONLY_ACTIVE_ARCH = YES;
				SDKROOT = iphoneos;
				SWIFT_OPTIMIZATION_LEVEL = "-Onone";
				TARGETED_DEVICE_FAMILY = "1,2";
			};
			name = Debug;
		};
		23A1B33C1C44090D00AF13AA /* Release */ = {
			isa = XCBuildConfiguration;
			buildSettings = {
				ALWAYS_SEARCH_USER_PATHS = NO;
				CLANG_CXX_LANGUAGE_STANDARD = "gnu++0x";
				CLANG_CXX_LIBRARY = "libc++";
				CLANG_ENABLE_MODULES = YES;
				CLANG_ENABLE_OBJC_ARC = YES;
				CLANG_WARN_BOOL_CONVERSION = YES;
				CLANG_WARN_CONSTANT_CONVERSION = YES;
				CLANG_WARN_DIRECT_OBJC_ISA_USAGE = YES_ERROR;
				CLANG_WARN_EMPTY_BODY = YES;
				CLANG_WARN_ENUM_CONVERSION = YES;
				CLANG_WARN_INT_CONVERSION = YES;
				CLANG_WARN_OBJC_ROOT_CLASS = YES_ERROR;
				CLANG_WARN_UNREACHABLE_CODE = YES;
				CLANG_WARN__DUPLICATE_METHOD_MATCH = YES;
				"CODE_SIGN_IDENTITY[sdk=iphoneos*]" = "iPhone Developer";
				COPY_PHASE_STRIP = NO;
				DEBUG_INFORMATION_FORMAT = "dwarf-with-dsym";
				ENABLE_NS_ASSERTIONS = NO;
				ENABLE_STRICT_OBJC_MSGSEND = YES;
				GCC_C_LANGUAGE_STANDARD = gnu99;
				GCC_NO_COMMON_BLOCKS = YES;
				GCC_WARN_64_TO_32_BIT_CONVERSION = YES;
				GCC_WARN_ABOUT_RETURN_TYPE = YES_ERROR;
				GCC_WARN_UNDECLARED_SELECTOR = YES;
				GCC_WARN_UNINITIALIZED_AUTOS = YES_AGGRESSIVE;
				GCC_WARN_UNUSED_FUNCTION = YES;
				GCC_WARN_UNUSED_VARIABLE = YES;
				IPHONEOS_DEPLOYMENT_TARGET = 9.2;
				MTL_ENABLE_DEBUG_INFO = NO;
				SDKROOT = iphoneos;
				TARGETED_DEVICE_FAMILY = "1,2";
				VALIDATE_PRODUCT = YES;
			};
			name = Release;
		};
		23A1B33E1C44090D00AF13AA /* Debug */ = {
			isa = XCBuildConfiguration;
			buildSettings = {
				ASSETCATALOG_COMPILER_APPICON_NAME = AppIcon;
				INFOPLIST_FILE = "Viper Counter Swift/Info.plist";
				LD_RUNPATH_SEARCH_PATHS = "$(inherited) @executable_path/Frameworks";
				PRODUCT_BUNDLE_IDENTIFIER = "com.bellovic.Viper-Counter-Swift";
				PRODUCT_NAME = "$(TARGET_NAME)";
			};
			name = Debug;
		};
		23A1B33F1C44090D00AF13AA /* Release */ = {
			isa = XCBuildConfiguration;
			buildSettings = {
				ASSETCATALOG_COMPILER_APPICON_NAME = AppIcon;
				INFOPLIST_FILE = "Viper Counter Swift/Info.plist";
				LD_RUNPATH_SEARCH_PATHS = "$(inherited) @executable_path/Frameworks";
				PRODUCT_BUNDLE_IDENTIFIER = "com.bellovic.Viper-Counter-Swift";
				PRODUCT_NAME = "$(TARGET_NAME)";
			};
			name = Release;
		};
/* End XCBuildConfiguration section */

/* Begin XCConfigurationList section */
		23A1B3261C44090D00AF13AA /* Build configuration list for PBXProject "Viper Counter Swift" */ = {
			isa = XCConfigurationList;
			buildConfigurations = (
				23A1B33B1C44090D00AF13AA /* Debug */,
				23A1B33C1C44090D00AF13AA /* Release */,
			);
			defaultConfigurationIsVisible = 0;
			defaultConfigurationName = Release;
		};
		23A1B33D1C44090D00AF13AA /* Build configuration list for PBXNativeTarget "Viper Counter Swift" */ = {
			isa = XCConfigurationList;
			buildConfigurations = (
				23A1B33E1C44090D00AF13AA /* Debug */,
				23A1B33F1C44090D00AF13AA /* Release */,
			);
			defaultConfigurationIsVisible = 0;
			defaultConfigurationName = Release;
		};
/* End XCConfigurationList section */
	};
	rootObject = 23A1B3231C44090D00AF13AA /* Project object */;
}
